github.com/zetxek/adritian-free-hugo-theme v1.7.11 h1:nPtDwMQV9JKyeTgjCRXWd/2f48bt2jadEzBAxMhNlTs=
github.com/zetxek/adritian-free-hugo-theme v1.7.11/go.mod h1:RZxMuUPx+AJwqABiHDQWSVEskypgZCqZ0MwOgCvA6o0=
github.com/zetxek/adritian-free-hugo-theme v1.7.14 h1:JSigAybaWU+UJS2AuNBBdMl85zqdjCjMCm2iZOfKULg=
github.com/zetxek/adritian-free-hugo-theme v1.7.14/go.mod h1:RZxMuUPx+AJwqABiHDQWSVEskypgZCqZ0MwOgCvA6o0=
